
Microsoft Visual Studio Solution File, Format Version 12.00
# Visual Studio Version 17
VisualStudioVersion = 17.9.34728.123
MinimumVisualStudioVersion = 10.0.40219.1
Project("{FAE04EC0-301F-11D3-BF4B-00C04F79EFBC}") = "Puzzle-35", "Puzzle-35\Puzzle-35.csproj", "{AF9C6F28-BF35-4285-8C10-2D02F7D72EC9}"
EndProject
Global
	GlobalSection(SolutionConfigurationPlatforms) = preSolution
		Debug|Any CPU = Debug|Any CPU
		Release|Any CPU = Release|Any CPU
	EndGlobalSection
	GlobalSection(ProjectConfigurationPlatforms) = postSolution
		{AF9C6F28-BF35-4285-8C10-2D02F7D72EC9}.Debug|Any CPU.ActiveCfg = Debug|Any CPU
		{AF9C6F28-BF35-4285-8C10-2D02F7D72EC9}.Debug|Any CPU.Build.0 = Debug|Any CPU
		{AF9C6F28-BF35-4285-8C10-2D02F7D72EC9}.Release|Any CPU.ActiveCfg = Release|Any CPU
		{AF9C6F28-BF35-4285-8C10-2D02F7D72EC9}.Release|Any CPU.Build.0 = Release|Any CPU
	EndGlobalSection
	GlobalSection(SolutionProperties) = preSolution
		HideSolutionNode = FALSE
	EndGlobalSection
	GlobalSection(ExtensibilityGlobals) = postSolution
		SolutionGuid = {1F86FBF2-B1C9-40FF-8F31-61215F81A9D5}
	EndGlobalSection
EndGlobal
